
Microsoft Visual Studio Solution File, Format Version 12.00
# Visual Studio Version 17
VisualStudioVersion = 17.5.002.0
MinimumVisualStudioVersion = 10.0.40219.1
Project("{9A19103F-16F7-4668-BE54-9A1E7A4F7556}") = "azure-ai-content-safety-mvc", "azure-ai-content-safety-mvc\azure-ai-content-safety-mvc.csproj", "{CBBFECD1-751B-4498-BFF0-C46416506502}"
EndProject
Global
	GlobalSection(SolutionConfigurationPlatforms) = preSolution
		Debug|Any CPU = Debug|Any CPU
		Release|Any CPU = Release|Any CPU
	EndGlobalSection
	GlobalSection(ProjectConfigurationPlatforms) = postSolution
		{CBBFECD1-751B-4498-BFF0-C46416506502}.Debug|Any CPU.ActiveCfg = Debug|Any CPU
		{CBBFECD1-751B-4498-BFF0-C46416506502}.Debug|Any CPU.Build.0 = Debug|Any CPU
		{CBBFECD1-751B-4498-BFF0-C46416506502}.Release|Any CPU.ActiveCfg = Release|Any CPU
		{CBBFECD1-751B-4498-BFF0-C46416506502}.Release|Any CPU.Build.0 = Release|Any CPU
	EndGlobalSection
	GlobalSection(SolutionProperties) = preSolution
		HideSolutionNode = FALSE
	EndGlobalSection
	GlobalSection(ExtensibilityGlobals) = postSolution
		SolutionGuid = {F0849195-DC16-47DD-8368-42ED6BE4F974}
	EndGlobalSection
EndGlobal
